version = 1
revision = 3
requires-python = ">=3.13"

[[package]]
name = "anyio"
version = "4.13.0"
source = { registry = "https://pypi.org/simple" }
dependencies = [
    { name = "idna" },
]
sdist = { url = "https://files.pythonhosted.org/packages/19/14/2c5dd9f512b66549ae92767a9c7b330ae88e1932ca57876909410251fe13/anyio-4.13.0.tar.gz", hash = "sha256:334b70e641fd2221c1505b3890c69882fe4a2df910cba14d97019b90b24439dc", size = 231622, upload-time = "2026-03-24T12:59:09.671Z" }
wheels = [
    { url = "https://files.pythonhosted.org/packages/da/42/e921fccf5015463e32a3cf6ee7f980a6ed0f395ceeaa45060b61d86486c2/anyio-4.13.0-py3-none-any.whl", hash = "sha256:08b310f9e24a9594186fd75b4f73f4a4152069e3853f1ed8bfbf58369f4ad708", size = 114353, upload-time = "2026-03-24T12:59:08.246Z" },
]

[[package]]
name = "aws-lambda-powertools"
version = "3.28.0"
source = { registry = "https://pypi.org/simple" }
dependencies = [
    { name = "jmespath" },
    { name = "typing-extensions" },
]
sdist = { url = "https://files.pythonhosted.org/packages/e9/8f/006b11108d539ebcb0c2caa7cd85db0a83815abee54c22da907e3c14466a/aws_lambda_powertools-3.28.0.tar.gz", hash = "sha256:8849bc4fb01562aa13f1530a456626192256081ce2cfdf0cb0836ad6cba3c6b1", size = 782822, upload-time = "2026-04-14T10:34:17.29Z" }
wheels = [
    { url = "https://files.pythonhosted.org/packages/77/ab/531e86d4a4306f9fedc78609259aa0ee7849d592da63168694ac5b96abb7/aws_lambda_powertools-3.28.0-py3-none-any.whl", hash = "sha256:6db5996784913b4b3a7ff04943cefaef4089440569ecbc2180ce07f08dd87659", size = 933148, upload-time = "2026-04-14T10:34:15.234Z" },
]

[[package]]
name = "boto3"
version = "1.42.97"
source = { registry = "https://pypi.org/simple" }
dependencies = [
    { name = "botocore" },
    { name = "jmespath" },
    { name = "s3transfer" },
]
sdist = { url = "https://files.pythonhosted.org/packages/55/7d/5c6fa0bb9fd5caf865b9356411793900304328bcd0bc1eda96a32a1368a6/boto3-1.42.97.tar.gz", hash = "sha256:2833dbeda3670ea610ad48dff7d27cdc829dbbfcdfbc6b750b673948e949b6f0", size = 113217, upload-time = "2026-04-27T20:39:17.646Z" }
wheels = [
    { url = "https://files.pythonhosted.org/packages/38/43/84c1888139aa1aaf1dc53f8f914e6ec629e5a571fbafdd42fb2d98ac361f/boto3-1.42.97-py3-none-any.whl", hash = "sha256:966e49f0510af9a64057a902b7df53d4348c447de0d3df4cc855dfd85e058fcd", size = 140556, upload-time = "2026-04-27T20:39:15.509Z" },
]

[[package]]
name = "botocore"
version = "1.42.97"
source = { registry = "https://pypi.org/simple" }
dependencies = [
    { name = "jmespath" },
    { name = "python-dateutil" },
    { name = "urllib3" },
]
sdist = { url = "https://files.pythonhosted.org/packages/c6/95/c37edb602948fad2253ffd1bb3dba5b938645bd1845ee4160350136a0f41/botocore-1.42.97.tar.gz", hash = "sha256:5c0bb00e32d16ff6d278cc8c9e10dc3672d9c1d569031635ac3c908a60de8310", size = 15269348, upload-time = "2026-04-27T20:39:05.625Z" }
wheels = [
    { url = "https://files.pythonhosted.org/packages/e3/d2/8e025ba1a4e257879af72d06913272311af79673d82fa2581a351b924317/botocore-1.42.97-py3-none-any.whl", hash = "sha256:77d2c8ce1bc592d3fbd7c01c35836f4a5b0cac2ca03ccdf6ffc60faa16b5fadc", size = 14950367, upload-time = "2026-04-27T20:39:01.261Z" },
]

[[package]]
name = "certifi"
version = "2026.4.22"
source = { registry = "https://pypi.org/simple" }
sdist = { url = "https://files.pythonhosted.org/packages/25/ee/6caf7a40c36a1220410afe15a1cc64993a1f864871f698c0f93acb72842a/certifi-2026.4.22.tar.gz", hash = "sha256:8d455352a37b71bf76a79caa83a3d6c25afee4a385d632127b6afb3963f1c580", size = 137077, upload-time = "2026-04-22T11:26:11.191Z" }
wheels = [
    { url = "https://files.pythonhosted.org/packages/22/30/7cd8fdcdfbc5b869528b079bfb76dcdf6056b1a2097a662e5e8c04f42965/certifi-2026.4.22-py3-none-any.whl", hash = "sha256:3cb2210c8f88ba2318d29b0388d1023c8492ff72ecdde4ebdaddbb13a31b1c4a", size = 135707, upload-time = "2026-04-22T11:26:09.372Z" },
]

[[package]]
name = "h11"
version = "0.16.0"
source = { registry = "https://pypi.org/simple" }
sdist = { url = "https://files.pythonhosted.org/packages/01/ee/02a2c011bdab74c6fb3c75474d40b3052059d95df7e73351460c8588d963/h11-0.16.0.tar.gz", hash = "sha256:4e35b956cf45792e4caa5885e69fba00bdbc6ffafbfa020300e549b208ee5ff1", size = 101250, upload-time = "2025-04-24T03:35:25.427Z" }
wheels = [
    { url = "https://files.pythonhosted.org/packages/04/4b/29cac41a4d98d144bf5f6d33995617b185d14b22401f75ca86f384e87ff1/h11-0.16.0-py3-none-any.whl", hash = "sha256:63cf8bbe7522de3bf65932fda1d9c2772064ffb3dae62d55932da54b31cb6c86", size = 37515, upload-time = "2025-04-24T03:35:24.344Z" },
]

[[package]]
name = "httpcore"
version = "1.0.9"
source = { registry = "https://pypi.org/simple" }
dependencies = [
    { name = "certifi" },
    { name = "h11" },
]
sdist = { url = "https://files.pythonhosted.org/packages/06/94/82699a10bca87a5556c9c59b5963f2d039dbd239f25bc2a63907a05a14cb/httpcore-1.0.9.tar.gz", hash = "sha256:6e34463af53fd2ab5d807f399a9b45ea31c3dfa2276f15a2c3f00afff6e176e8", size = 85484, upload-time = "2025-04-24T22:06:22.219Z" }
wheels = [
    { url = "https://files.pythonhosted.org/packages/7e/f5/f66802a942d491edb555dd61e3a9961140fd64c90bce1eafd741609d334d/httpcore-1.0.9-py3-none-any.whl", hash = "sha256:2d400746a40668fc9dec9810239072b40b4484b640a8c38fd654a024c7a1bf55", size = 78784, upload-time = "2025-04-24T22:06:20.566Z" },
]

[[package]]
name = "httpx"
version = "0.26.0"
source = { registry = "https://pypi.org/simple" }
dependencies = [
    { name = "anyio" },
    { name = "certifi" },
    { name = "httpcore" },
    { name = "idna" },
    { name = "sniffio" },
]
sdist = { url = "https://files.pythonhosted.org/packages/bd/26/2dc654950920f499bd062a211071925533f821ccdca04fa0c2fd914d5d06/httpx-0.26.0.tar.gz", hash = "sha256:451b55c30d5185ea6b23c2c793abf9bb237d2a7dfb901ced6ff69ad37ec1dfaf", size = 125671, upload-time = "2023-12-20T11:02:58.032Z" }
wheels = [
    { url = "https://files.pythonhosted.org/packages/39/9b/4937d841aee9c2c8102d9a4eeb800c7dad25386caabb4a1bf5010df81a57/httpx-0.26.0-py3-none-any.whl", hash = "sha256:8915f5a3627c4d47b73e8202457cb28f1266982d1159bd5779d86a80c0eab1cd", size = 75862, upload-time = "2023-12-20T11:02:55.395Z" },
]

[[package]]
name = "idna"
version = "3.13"
source = { registry = "https://pypi.org/simple" }
sdist = { url = "https://files.pythonhosted.org/packages/ce/cc/762dfb036166873f0059f3b7de4565e1b5bc3d6f28a414c13da27e442f99/idna-3.13.tar.gz", hash = "sha256:585ea8fe5d69b9181ec1afba340451fba6ba764af97026f92a91d4eef164a242", size = 194210, upload-time = "2026-04-22T16:42:42.314Z" }
wheels = [
    { url = "https://files.pythonhosted.org/packages/5d/13/ad7d7ca3808a898b4612b6fe93cde56b53f3034dcde235acb1f0e1df24c6/idna-3.13-py3-none-any.whl", hash = "sha256:892ea0cde124a99ce773decba204c5552b69c3c67ffd5f232eb7696135bc8bb3", size = 68629, upload-time = "2026-04-22T16:42:40.909Z" },
]

[[package]]
name = "jmespath"
version = "1.1.0"
source = { registry = "https://pypi.org/simple" }
sdist = { url = "https://files.pythonhosted.org/packages/d3/59/322338183ecda247fb5d1763a6cbe46eff7222eaeebafd9fa65d4bf5cb11/jmespath-1.1.0.tar.gz", hash = "sha256:472c87d80f36026ae83c6ddd0f1d05d4e510134ed462851fd5f754c8c3cbb88d", size = 27377, upload-time = "2026-01-22T16:35:26.279Z" }
wheels = [
    { url = "https://files.pythonhosted.org/packages/14/2f/967ba146e6d58cf6a652da73885f52fc68001525b4197effc174321d70b4/jmespath-1.1.0-py3-none-any.whl", hash = "sha256:a5663118de4908c91729bea0acadca56526eb2698e83de10cd116ae0f4e97c64", size = 20419, upload-time = "2026-01-22T16:35:24.919Z" },
]

[[package]]
name = "python-dateutil"
version = "2.9.0.post0"
source = { registry = "https://pypi.org/simple" }
dependencies = [
    { name = "six" },
]
sdist = { url = "https://files.pythonhosted.org/packages/66/c0/0c8b6ad9f17a802ee498c46e004a0eb49bc148f2fd230864601a86dcf6db/python-dateutil-2.9.0.post0.tar.gz", hash = "sha256:37dd54208da7e1cd875388217d5e00ebd4179249f90fb72437e91a35459a0ad3", size = 342432, upload-time = "2024-03-01T18:36:20.211Z" }
wheels = [
    { url = "https://files.pythonhosted.org/packages/ec/57/56b9bcc3c9c6a792fcbaf139543cee77261f3651ca9da0c93f5c1221264b/python_dateutil-2.9.0.post0-py2.py3-none-any.whl", hash = "sha256:a8b2bc7bffae282281c8140a97d3aa9c14da0b136dfe83f850eea9a5f7470427", size = 229892, upload-time = "2024-03-01T18:36:18.57Z" },
]

[[package]]
name = "python-telegram-bot"
version = "20.8"
source = { registry = "https://pypi.org/simple" }
dependencies = [
    { name = "httpx" },
]
sdist = { url = "https://files.pythonhosted.org/packages/38/4c/90e0cee1ad7525d4009ae300219c6ee553aedc38cce59c8deb5dffb1859d/python-telegram-bot-20.8.tar.gz", hash = "sha256:0e1e4a6dbce3f4ba606990d66467a5a2d2018368fe44756fae07410a74e960dc", size = 407744, upload-time = "2024-02-08T17:39:19.184Z" }
wheels = [
    { url = "https://files.pythonhosted.org/packages/6f/8e/4e4ed06986557fce0c41c3dfc60c5495b1095cf8a552bdc4c56e96aefdac/python_telegram_bot-20.8-py3-none-any.whl", hash = "sha256:a98ddf2f237d6584b03a2f8b20553e1b5e02c8d3a1ea8e17fd06cc955af78c14", size = 604866, upload-time = "2024-02-08T17:39:12.202Z" },
]

[[package]]
name = "s3transfer"
version = "0.16.1"
source = { registry = "https://pypi.org/simple" }
dependencies = [
    { name = "botocore" },
]
sdist = { url = "https://files.pythonhosted.org/packages/46/29/af14f4ef3c11a50435308660e2cc68761c9a7742475e0585cd4396b91777/s3transfer-0.16.1.tar.gz", hash = "sha256:8e424355754b9ccb32467bdc568edf55be82692ef2002d934b1311dbb3b9e524", size = 154801, upload-time = "2026-04-22T20:36:06.475Z" }
wheels = [
    { url = "https://files.pythonhosted.org/packages/03/19/90d7d4ed51932c022d53f1d02d564b62d10e272692a1f9b76425c1ad2a02/s3transfer-0.16.1-py3-none-any.whl", hash = "sha256:61bcd00ccb83b21a0fe7e91a553fff9729d46c83b4e0106e7c314a733891f7c2", size = 86825, upload-time = "2026-04-22T20:36:04.992Z" },
]

[[package]]
name = "six"
version = "1.17.0"
source = { registry = "https://pypi.org/simple" }
sdist = { url = "https://files.pythonhosted.org/packages/94/e7/b2c673351809dca68a0e064b6af791aa332cf192da575fd474ed7d6f16a2/six-1.17.0.tar.gz", hash = "sha256:ff70335d468e7eb6ec65b95b99d3a2836546063f63acc5171de367e834932a81", size = 34031, upload-time = "2024-12-04T17:35:28.174Z" }
wheels = [
    { url = "https://files.pythonhosted.org/packages/b7/ce/149a00dd41f10bc29e5921b496af8b574d8413afcd5e30dfa0ed46c2cc5e/six-1.17.0-py2.py3-none-any.whl", hash = "sha256:4721f391ed90541fddacab5acf947aa0d3dc7d27b2e1e8eda2be8970586c3274", size = 11050, upload-time = "2024-12-04T17:35:26.475Z" },
]

[[package]]
name = "sniffio"
version = "1.3.1"
source = { registry = "https://pypi.org/simple" }
sdist = { url = "https://files.pythonhosted.org/packages/a2/87/a6771e1546d97e7e041b6ae58d80074f81b7d5121207425c964ddf5cfdbd/sniffio-1.3.1.tar.gz", hash = "sha256:f4324edc670a0f49750a81b895f35c3adb843cca46f0530f79fc1babb23789dc", size = 20372, upload-time = "2024-02-25T23:20:04.057Z" }
wheels = [
    { url = "https://files.pythonhosted.org/packages/e9/44/75a9c9421471a6c4805dbf2356f7c181a29c1879239abab1ea2cc8f38b40/sniffio-1.3.1-py3-none-any.whl", hash = "sha256:2f6da418d1f1e0fddd844478f41680e794e6051915791a034ff65e5f100525a2", size = 10235, upload-time = "2024-02-25T23:20:01.196Z" },
]

[[package]]
name = "my-lambda"
version = "0.1.0"
source = { virtual = "." }
dependencies = [
    { name = "aws-lambda-powertools" },
    { name = "python-telegram-bot" },
]

[package.dev-dependencies]
dev = [
    { name = "boto3" },
]

[package.metadata]
requires-dist = [
    { name = "aws-lambda-powertools", specifier = ">=3.28.0" },
    { name = "python-telegram-bot", specifier = "==20.8" },
]

[package.metadata.requires-dev]
dev = [{ name = "boto3" }]

[[package]]
name = "typing-extensions"
version = "4.15.0"
source = { registry = "https://pypi.org/simple" }
sdist = { url = "https://files.pythonhosted.org/packages/72/94/1a15dd82efb362ac84269196e94cf00f187f7ed21c242792a923cdb1c61f/typing_extensions-4.15.0.tar.gz", hash = "sha256:0cea48d173cc12fa28ecabc3b837ea3cf6f38c6d1136f85cbaaf598984861466", size = 109391, upload-time = "2025-08-25T13:49:26.313Z" }
wheels = [
    { url = "https://files.pythonhosted.org/packages/18/67/36e9267722cc04a6b9f15c7f3441c2363321a3ea07da7ae0c0707beb2a9c/typing_extensions-4.15.0-py3-none-any.whl", hash = "sha256:f0fa19c6845758ab08074a0cfa8b7aecb71c999ca73d62883bc25cc018c4e548", size = 44614, upload-time = "2025-08-25T13:49:24.86Z" },
]

[[package]]
name = "urllib3"
version = "2.6.3"
source = { registry = "https://pypi.org/simple" }
sdist = { url = "https://files.pythonhosted.org/packages/c7/24/5f1b3bdffd70275f6661c76461e25f024d5a38a46f04aaca912426a2b1d3/urllib3-2.6.3.tar.gz", hash = "sha256:1b62b6884944a57dbe321509ab94fd4d3b307075e0c2eae991ac71ee15ad38ed", size = 435556, upload-time = "2026-01-07T16:24:43.925Z" }
wheels = [
    { url = "https://files.pythonhosted.org/packages/39/08/aaaad47bc4e9dc8c725e68f9d04865dbcb2052843ff09c97b08904852d84/urllib3-2.6.3-py3-none-any.whl", hash = "sha256:bf272323e553dfb2e87d9bfd225ca7b0f467b919d7bbd355436d3fd37cb0acd4", size = 131584, upload-time = "2026-01-07T16:24:42.685Z" },
]
